
Microsoft Visual Studio Solution File, Format Version 12.00
# Visual Studio 2015
Project("{FAE04EC0-301F-11D3-BF4B-00C04F79EFBC}") = "DV_Nucleon", "DV_Nucleon.csproj", "{EADB44E3-4F48-9581-7DE8-2B45A7D83F6F}"
EndProject
Global
	GlobalSection(SolutionConfigurationPlatforms) = preSolution
		Debug|Any CPU = Debug|Any CPU
		Release|Any CPU = Release|Any CPU
	EndGlobalSection
	GlobalSection(ProjectConfigurationPlatforms) = postSolution
		{EADB44E3-4F48-9581-7DE8-2B45A7D83F6F}.Debug|Any CPU.ActiveCfg = Debug|Any CPU
		{EADB44E3-4F48-9581-7DE8-2B45A7D83F6F}.Debug|Any CPU.Build.0 = Debug|Any CPU
		{EADB44E3-4F48-9581-7DE8-2B45A7D83F6F}.Release|Any CPU.ActiveCfg = Release|Any CPU
		{EADB44E3-4F48-9581-7DE8-2B45A7D83F6F}.Release|Any CPU.Build.0 = Release|Any CPU
	EndGlobalSection
	GlobalSection(SolutionProperties) = preSolution
		HideSolutionNode = FALSE
	EndGlobalSection
EndGlobal
