
Microsoft Visual Studio Solution File, Format Version 12.00
# Visual Studio 2015
Project("{FAE04EC0-301F-11D3-BF4B-00C04F79EFBC}") = "DV_Mathematics", "DV_Mathematics.csproj", "{801D2185-517B-DDB2-C3B2-9C28749FBE2D}"
EndProject
Global
	GlobalSection(SolutionConfigurationPlatforms) = preSolution
		Debug|Any CPU = Debug|Any CPU
		Release|Any CPU = Release|Any CPU
	EndGlobalSection
	GlobalSection(ProjectConfigurationPlatforms) = postSolution
		{801D2185-517B-DDB2-C3B2-9C28749FBE2D}.Debug|Any CPU.ActiveCfg = Debug|Any CPU
		{801D2185-517B-DDB2-C3B2-9C28749FBE2D}.Debug|Any CPU.Build.0 = Debug|Any CPU
		{801D2185-517B-DDB2-C3B2-9C28749FBE2D}.Release|Any CPU.ActiveCfg = Release|Any CPU
		{801D2185-517B-DDB2-C3B2-9C28749FBE2D}.Release|Any CPU.Build.0 = Release|Any CPU
	EndGlobalSection
	GlobalSection(SolutionProperties) = preSolution
		HideSolutionNode = FALSE
	EndGlobalSection
EndGlobal
