Microsoft Visual Studio Solution File, Format Version 11.00
# Visual Studio 2008

Project("{C5125779-DCD0-11BA-D31E-9355DAEFB18A}") = "DataVisualization_Fractal", "Assembly-CSharp.csproj", "{9CF2C48F-6A1D-21F6-4545-2C185CAC6000}"
EndProject
Global
	GlobalSection(SolutionConfigurationPlatforms) = preSolution
		Debug|Any CPU = Debug|Any CPU
		Release|Any CPU = Release|Any CPU
	EndGlobalSection
	GlobalSection(ProjectConfigurationPlatforms) = postSolution
		{9CF2C48F-6A1D-21F6-4545-2C185CAC6000}.Debug|Any CPU.ActiveCfg = Debug|Any CPU
		{9CF2C48F-6A1D-21F6-4545-2C185CAC6000}.Debug|Any CPU.Build.0 = Debug|Any CPU
		{9CF2C48F-6A1D-21F6-4545-2C185CAC6000}.Release|Any CPU.ActiveCfg = Release|Any CPU
		{9CF2C48F-6A1D-21F6-4545-2C185CAC6000}.Release|Any CPU.Build.0 = Release|Any CPU
	EndGlobalSection
	GlobalSection(SolutionProperties) = preSolution
		HideSolutionNode = FALSE
	EndGlobalSection
	GlobalSection(MonoDevelopProperties) = preSolution
		StartupItem = Assembly-CSharp.csproj
	EndGlobalSection
EndGlobal
